schema: '2.0'
stages:
  download_data:
    cmd: uv run python3 src/stages/download_data.py --config=params.yaml
    deps:
    - path: src/stages/download_data.py
      hash: md5
      md5: cda42c0472a51ce84994dea006f8dfda
      size: 757
    params:
      params.yaml:
        data:
          root: data
          raw: data/raw
          saved: data/saved
          processed: data/processed
          splits: data/splits
    outs:
    - path: data/digit-recognizer.zip
      hash: md5
      md5: 7165d178a68f36d4002b7c0cf38c4324
      size: 16054568
  unzip_data:
    cmd: uv run python3 src/stages/unzip_data.py --config=params.yaml
    deps:
    - path: data/digit-recognizer.zip
      hash: md5
      md5: 7165d178a68f36d4002b7c0cf38c4324
      size: 16054568
    - path: src/stages/unzip_data.py
      hash: md5
      md5: a1b0b5395cfeb2679851f3ad04a2a13d
      size: 913
    params:
      params.yaml:
        data:
          root: data
          raw: data/raw
          saved: data/saved
          processed: data/processed
          splits: data/splits
    outs:
    - path: data/raw
      hash: md5
      md5: 8daaa1f9a8ca03fe219dc2b3f5882ff5.dir
      size: 128134246
      nfiles: 3
  save_images:
    cmd: uv run python3 src/stages/save_images.py --config=params.yaml
    deps:
    - path: data/raw
      hash: md5
      md5: 8daaa1f9a8ca03fe219dc2b3f5882ff5.dir
      size: 128134246
      nfiles: 3
    - path: src/stages/save_images.py
      hash: md5
      md5: e3fad902df5637761a02120bbe2d77bf
      size: 2159
    params:
      params.yaml:
        data:
          root: data
          raw: data/raw
          saved: data/saved
          processed: data/processed
          splits: data/splits
    outs:
    - path: data/saved
      hash: md5
      md5: fd84325a30e125e896c7001bec58d0dd.dir
      size: 19258482
      nfiles: 70000
  split_data:
    cmd: uv run python3 src/stages/split_data.py --config=params.yaml
    deps:
    - path: data/saved
      hash: md5
      md5: fd84325a30e125e896c7001bec58d0dd.dir
      size: 19258482
      nfiles: 70000
    - path: src/stages/split_data.py
      hash: md5
      md5: 10b792b992329af748c90e5c6d9f5721
      size: 2661
    params:
      params.yaml:
        data:
          root: data
          raw: data/raw
          saved: data/saved
          processed: data/processed
          splits: data/splits
        split:
          seed: 42
          val_size: 0.15
          test_size: 0.15
    outs:
    - path: data/splits
      hash: md5
      md5: 4803a7f15a02d267ac1bf0b7f11bc447.dir
      size: 11557003
      nfiles: 42000
  train:
    cmd: uv run python3 -m src.stages.train --config=params.yaml
    deps:
    - path: data/splits
      hash: md5
      md5: 4803a7f15a02d267ac1bf0b7f11bc447.dir
      size: 11557003
      nfiles: 42000
    - path: src/stages/train.py
      hash: md5
      md5: aa62abae1802958c40f046fffeba6bf0
      size: 2590
    - path: src/transforms/train.py
      hash: md5
      md5: 5b30746a0b8a7d7d77a4ce1e555a0657
      size: 335
    params:
      params.yaml:
        train:
          seed: 42
          model: BaselineCNN
          loss_fn:
            name: CrossEntropyLoss
            params:
          optimizer:
            name: AdamW
            params:
              lr: 0.001
              weight_decay: 0.0001
          scheduler:
            name: CosineAnnealingLR
            params:
              T_max: 100
              eta_min: 1e-06
          batch_size: 128
          epochs: 100
          path: models/final.pt
          best_path: models/best.pt
    outs:
    - path: models/best.pt
      hash: md5
      md5: 925167743602dfbddbf16928e2a6d8a7
      size: 2436007
    - path: models/final.pt
      hash: md5
      md5: 9d24bd5299c8a5ffa1f46785647f3059
      size: 2436052
  evaluate:
    cmd: uv run python3 -m src.stages.evaluate --config=params.yaml
    deps:
    - path: data/splits
      hash: md5
      md5: 4803a7f15a02d267ac1bf0b7f11bc447.dir
      size: 11557003
      nfiles: 42000
    - path: models/best.pt
      hash: md5
      md5: 925167743602dfbddbf16928e2a6d8a7
      size: 2436007
    - path: src/stages/evaluate.py
      hash: md5
      md5: 1014756d872ed2da62e15a0a85922341
      size: 1448
    - path: src/transforms/test.py
      hash: md5
      md5: 6c335a9691dbf09387b1471f762a343f
      size: 175
    params:
      params.yaml:
        evaluate:
          metrics_file: reports/metrics.json
    outs:
    - path: reports/metrics.json
      hash: md5
      md5: 246d4c243e05e24c5ebcd4675e09681b
      size: 71
  predict:
    cmd: uv run python3 -m src.stages.predict --config=params.yaml
    deps:
    - path: data/splits
      hash: md5
      md5: 4803a7f15a02d267ac1bf0b7f11bc447.dir
      size: 11557003
      nfiles: 42000
    - path: models/best.pt
      hash: md5
      md5: 925167743602dfbddbf16928e2a6d8a7
      size: 2436007
    - path: src/stages/predict.py
      hash: md5
      md5: 3eb95cd05bc35cb9ea7368e8798e4b2f
      size: 2810
    - path: src/transforms/test.py
      hash: md5
      md5: 6c335a9691dbf09387b1471f762a343f
      size: 175
    params:
      params.yaml:
        predict:
          submission_path: reports/submission.csv
    outs:
    - path: reports/submission.csv
      hash: md5
      md5: 729f0c2192c057b1ec2c2e0220c6775a
      size: 240909
