schema: '2.0'
stages:
  download_data:
    cmd: uv run python3 src/stages/download_data.py --config=params.yaml
    deps:
    - path: src/stages/download_data.py
      hash: md5
      md5: cda42c0472a51ce84994dea006f8dfda
      size: 757
    params:
      params.yaml:
        data:
          root: data
          raw: data/raw
          saved: data/saved
          processed: data/processed
          splits: data/splits
    outs:
    - path: data/digit-recognizer.zip
      hash: md5
      md5: 7165d178a68f36d4002b7c0cf38c4324
      size: 16054568
  unzip_data:
    cmd: uv run python3 src/stages/unzip_data.py --config=params.yaml
    deps:
    - path: data/digit-recognizer.zip
      hash: md5
      md5: 7165d178a68f36d4002b7c0cf38c4324
      size: 16054568
    - path: src/stages/unzip_data.py
      hash: md5
      md5: a1b0b5395cfeb2679851f3ad04a2a13d
      size: 913
    params:
      params.yaml:
        data:
          root: data
          raw: data/raw
          saved: data/saved
          processed: data/processed
          splits: data/splits
    outs:
    - path: data/raw
      hash: md5
      md5: 8daaa1f9a8ca03fe219dc2b3f5882ff5.dir
      size: 128134246
      nfiles: 3
  save_images:
    cmd: uv run python3 src/stages/save_images.py --config=params.yaml
    deps:
    - path: data/raw
      hash: md5
      md5: 8daaa1f9a8ca03fe219dc2b3f5882ff5.dir
      size: 128134246
      nfiles: 3
    - path: src/stages/save_images.py
      hash: md5
      md5: e3fad902df5637761a02120bbe2d77bf
      size: 2159
    params:
      params.yaml:
        data:
          root: data
          raw: data/raw
          saved: data/saved
          processed: data/processed
          splits: data/splits
    outs:
    - path: data/saved
      hash: md5
      md5: fd84325a30e125e896c7001bec58d0dd.dir
      size: 19258482
      nfiles: 70000
